
Microsoft Visual Studio Solution File, Format Version 12.00
# Visual Studio Version 16
VisualStudioVersion = 16.0.31105.61
MinimumVisualStudioVersion = 10.0.40219.1
Project("{9A19103F-16F7-4668-BE54-9A1E7A4F7556}") = "PokedexFunTranslator.Api", "PokedexFunTranslator.Api\PokedexFunTranslator.Api.csproj", "{5A0E8F92-D1F3-43EF-86E9-72C9A3F5D0FB}"
EndProject
Project("{FAE04EC0-301F-11D3-BF4B-00C04F79EFBC}") = "PokedexFunTranslator.Api.Core", "PokedexFunTranslator.Api.Core\PokedexFunTranslator.Api.Core.csproj", "{487CC602-03F6-4B7F-9E53-CBC27A947C9E}"
EndProject
Project("{FAE04EC0-301F-11D3-BF4B-00C04F79EFBC}") = "PokedexFunTranslator.Tests", "PokedexFunTranslator.Tests\PokedexFunTranslator.Tests.csproj", "{07060881-6013-4F2F-8865-056F27B9067D}"
EndProject
Global
	GlobalSection(SolutionConfigurationPlatforms) = preSolution
		Debug|Any CPU = Debug|Any CPU
		Release|Any CPU = Release|Any CPU
	EndGlobalSection
	GlobalSection(ProjectConfigurationPlatforms) = postSolution
		{5A0E8F92-D1F3-43EF-86E9-72C9A3F5D0FB}.Debug|Any CPU.ActiveCfg = Debug|Any CPU
		{5A0E8F92-D1F3-43EF-86E9-72C9A3F5D0FB}.Debug|Any CPU.Build.0 = Debug|Any CPU
		{5A0E8F92-D1F3-43EF-86E9-72C9A3F5D0FB}.Release|Any CPU.ActiveCfg = Release|Any CPU
		{5A0E8F92-D1F3-43EF-86E9-72C9A3F5D0FB}.Release|Any CPU.Build.0 = Release|Any CPU
		{487CC602-03F6-4B7F-9E53-CBC27A947C9E}.Debug|Any CPU.ActiveCfg = Debug|Any CPU
		{487CC602-03F6-4B7F-9E53-CBC27A947C9E}.Debug|Any CPU.Build.0 = Debug|Any CPU
		{487CC602-03F6-4B7F-9E53-CBC27A947C9E}.Release|Any CPU.ActiveCfg = Release|Any CPU
		{487CC602-03F6-4B7F-9E53-CBC27A947C9E}.Release|Any CPU.Build.0 = Release|Any CPU
		{07060881-6013-4F2F-8865-056F27B9067D}.Debug|Any CPU.ActiveCfg = Debug|Any CPU
		{07060881-6013-4F2F-8865-056F27B9067D}.Debug|Any CPU.Build.0 = Debug|Any CPU
		{07060881-6013-4F2F-8865-056F27B9067D}.Release|Any CPU.ActiveCfg = Release|Any CPU
		{07060881-6013-4F2F-8865-056F27B9067D}.Release|Any CPU.Build.0 = Release|Any CPU
	EndGlobalSection
	GlobalSection(SolutionProperties) = preSolution
		HideSolutionNode = FALSE
	EndGlobalSection
	GlobalSection(ExtensibilityGlobals) = postSolution
		SolutionGuid = {C7E0B097-44D5-4F00-92AE-B1265B526F3D}
	EndGlobalSection
EndGlobal
